
Microsoft Visual Studio Solution File, Format Version 12.00
# Visual Studio 15
VisualStudioVersion = 15.0.33423.255
MinimumVisualStudioVersion = 10.0.40219.1
Project("{8BC9CEB8-8B4A-11D0-8D11-00A0C91BC942}") = "bink1", "bink1\bink1.vcxproj", "{696EBD89-FCDA-44B6-B1A6-28BC64671216}"
EndProject
Project("{8BC9CEB8-8B4A-11D0-8D11-00A0C91BC942}") = "binkplay", "binkplay\binkplay.vcxproj", "{C93F6667-2BA3-4FC7-842B-B60754FD2755}"
EndProject
Project("{8BC9CEB8-8B4A-11D0-8D11-00A0C91BC942}") = "e2coree", "..\..\qwadro\_vs17\e2coree\e2coree.vcxproj", "{973A60FF-EA6C-4D62-A302-BF610CABAB8C}"
EndProject
Project("{8BC9CEB8-8B4A-11D0-8D11-00A0C91BC942}") = "e2vgi", "..\..\qwadro\_vs17\e2vgi\e2vgi.vcxproj", "{2D93C9E6-A8BD-40E6-8FFE-CD15319B0241}"
EndProject
Project("{8BC9CEB8-8B4A-11D0-8D11-00A0C91BC942}") = "e2mmux", "..\..\qwadro\_vs17\e2mmux\e2mmux.vcxproj", "{B86A5B24-69EF-42AD-86D9-E3AC4405A9CE}"
EndProject
Project("{2150E333-8FDC-42A3-9474-1A3956D46DE8}") = "qwadro", "qwadro", "{80F9F549-0D94-45EB-94C8-421D5239629C}"
EndProject
Project("{8BC9CEB8-8B4A-11D0-8D11-00A0C91BC942}") = "e2sound", "..\..\qwadro\_vs17\e2sound\e2sound.vcxproj", "{1685D511-3934-4F31-B8A3-AFA740F612B3}"
EndProject
Project("{8BC9CEB8-8B4A-11D0-8D11-00A0C91BC942}") = "e2pragma", "..\..\qwadro\_vs17\e2pragma\e2pragma.vcxproj", "{0F78F3C8-D287-4A15-A69B-208B85C038F4}"
EndProject
Project("{2150E333-8FDC-42A3-9474-1A3956D46DE8}") = "icd", "icd", "{54B26016-3809-4D74-88E4-F2E591DA18C6}"
EndProject
Project("{8BC9CEB8-8B4A-11D0-8D11-00A0C91BC942}") = "combo4d", "..\..\combo4d\_vs17\combo4d\combo4d.vcxproj", "{2BB84169-B633-4C99-A266-B72CB6B90992}"
EndProject
Project("{8BC9CEB8-8B4A-11D0-8D11-00A0C91BC942}") = "eaxzal1", "..\..\eaxzal1\_vs17\eaxzal1\eaxzal1.vcxproj", "{8DB6B4EB-2027-4AA2-90C4-1C5937167746}"
EndProject
Project("{8BC9CEB8-8B4A-11D0-8D11-00A0C91BC942}") = "tarzgl4", "..\..\tarzgl4\_vs17\tarzgl4\tarzgl4.vcxproj", "{1BAFD2AD-9548-4FA9-B268-6AFE5087845D}"
EndProject
Project("{8BC9CEB8-8B4A-11D0-8D11-00A0C91BC942}") = "winsh4d", "..\..\winsh4d\_vs17\winsh4d\winsh4d.vcxproj", "{DE71D516-D811-49F6-8C15-D99975C40801}"
EndProject
Global
	GlobalSection(SolutionConfigurationPlatforms) = preSolution
		Debug|x64 = Debug|x64
		Debug|x86 = Debug|x86
		Release|x64 = Release|x64
		Release|x86 = Release|x86
	EndGlobalSection
	GlobalSection(ProjectConfigurationPlatforms) = postSolution
		{696EBD89-FCDA-44B6-B1A6-28BC64671216}.Debug|x64.ActiveCfg = Debug|x64
		{696EBD89-FCDA-44B6-B1A6-28BC64671216}.Debug|x64.Build.0 = Debug|x64
		{696EBD89-FCDA-44B6-B1A6-28BC64671216}.Debug|x86.ActiveCfg = Debug|Win32
		{696EBD89-FCDA-44B6-B1A6-28BC64671216}.Debug|x86.Build.0 = Debug|Win32
		{696EBD89-FCDA-44B6-B1A6-28BC64671216}.Release|x64.ActiveCfg = Release|x64
		{696EBD89-FCDA-44B6-B1A6-28BC64671216}.Release|x64.Build.0 = Release|x64
		{696EBD89-FCDA-44B6-B1A6-28BC64671216}.Release|x86.ActiveCfg = Release|Win32
		{696EBD89-FCDA-44B6-B1A6-28BC64671216}.Release|x86.Build.0 = Release|Win32
		{C93F6667-2BA3-4FC7-842B-B60754FD2755}.Debug|x64.ActiveCfg = Debug|x64
		{C93F6667-2BA3-4FC7-842B-B60754FD2755}.Debug|x64.Build.0 = Debug|x64
		{C93F6667-2BA3-4FC7-842B-B60754FD2755}.Debug|x86.ActiveCfg = Debug|Win32
		{C93F6667-2BA3-4FC7-842B-B60754FD2755}.Debug|x86.Build.0 = Debug|Win32
		{C93F6667-2BA3-4FC7-842B-B60754FD2755}.Release|x64.ActiveCfg = Release|x64
		{C93F6667-2BA3-4FC7-842B-B60754FD2755}.Release|x64.Build.0 = Release|x64
		{C93F6667-2BA3-4FC7-842B-B60754FD2755}.Release|x86.ActiveCfg = Release|Win32
		{C93F6667-2BA3-4FC7-842B-B60754FD2755}.Release|x86.Build.0 = Release|Win32
		{973A60FF-EA6C-4D62-A302-BF610CABAB8C}.Debug|x64.ActiveCfg = Debug|x64
		{973A60FF-EA6C-4D62-A302-BF610CABAB8C}.Debug|x64.Build.0 = Debug|x64
		{973A60FF-EA6C-4D62-A302-BF610CABAB8C}.Debug|x86.ActiveCfg = Debug|Win32
		{973A60FF-EA6C-4D62-A302-BF610CABAB8C}.Debug|x86.Build.0 = Debug|Win32
		{973A60FF-EA6C-4D62-A302-BF610CABAB8C}.Release|x64.ActiveCfg = Release|x64
		{973A60FF-EA6C-4D62-A302-BF610CABAB8C}.Release|x64.Build.0 = Release|x64
		{973A60FF-EA6C-4D62-A302-BF610CABAB8C}.Release|x86.ActiveCfg = Release|Win32
		{973A60FF-EA6C-4D62-A302-BF610CABAB8C}.Release|x86.Build.0 = Release|Win32
		{2D93C9E6-A8BD-40E6-8FFE-CD15319B0241}.Debug|x64.ActiveCfg = Debug|x64
		{2D93C9E6-A8BD-40E6-8FFE-CD15319B0241}.Debug|x64.Build.0 = Debug|x64
		{2D93C9E6-A8BD-40E6-8FFE-CD15319B0241}.Debug|x86.ActiveCfg = Debug|Win32
		{2D93C9E6-A8BD-40E6-8FFE-CD15319B0241}.Debug|x86.Build.0 = Debug|Win32
		{2D93C9E6-A8BD-40E6-8FFE-CD15319B0241}.Release|x64.ActiveCfg = Release|x64
		{2D93C9E6-A8BD-40E6-8FFE-CD15319B0241}.Release|x64.Build.0 = Release|x64
		{2D93C9E6-A8BD-40E6-8FFE-CD15319B0241}.Release|x86.ActiveCfg = Release|Win32
		{2D93C9E6-A8BD-40E6-8FFE-CD15319B0241}.Release|x86.Build.0 = Release|Win32
		{B86A5B24-69EF-42AD-86D9-E3AC4405A9CE}.Debug|x64.ActiveCfg = Debug|x64
		{B86A5B24-69EF-42AD-86D9-E3AC4405A9CE}.Debug|x64.Build.0 = Debug|x64
		{B86A5B24-69EF-42AD-86D9-E3AC4405A9CE}.Debug|x86.ActiveCfg = Debug|Win32
		{B86A5B24-69EF-42AD-86D9-E3AC4405A9CE}.Debug|x86.Build.0 = Debug|Win32
		{B86A5B24-69EF-42AD-86D9-E3AC4405A9CE}.Release|x64.ActiveCfg = Release|x64
		{B86A5B24-69EF-42AD-86D9-E3AC4405A9CE}.Release|x64.Build.0 = Release|x64
		{B86A5B24-69EF-42AD-86D9-E3AC4405A9CE}.Release|x86.ActiveCfg = Release|Win32
		{B86A5B24-69EF-42AD-86D9-E3AC4405A9CE}.Release|x86.Build.0 = Release|Win32
		{1685D511-3934-4F31-B8A3-AFA740F612B3}.Debug|x64.ActiveCfg = Debug|x64
		{1685D511-3934-4F31-B8A3-AFA740F612B3}.Debug|x64.Build.0 = Debug|x64
		{1685D511-3934-4F31-B8A3-AFA740F612B3}.Debug|x86.ActiveCfg = Debug|Win32
		{1685D511-3934-4F31-B8A3-AFA740F612B3}.Debug|x86.Build.0 = Debug|Win32
		{1685D511-3934-4F31-B8A3-AFA740F612B3}.Release|x64.ActiveCfg = Release|x64
		{1685D511-3934-4F31-B8A3-AFA740F612B3}.Release|x64.Build.0 = Release|x64
		{1685D511-3934-4F31-B8A3-AFA740F612B3}.Release|x86.ActiveCfg = Release|Win32
		{1685D511-3934-4F31-B8A3-AFA740F612B3}.Release|x86.Build.0 = Release|Win32
		{0F78F3C8-D287-4A15-A69B-208B85C038F4}.Debug|x64.ActiveCfg = Debug|x64
		{0F78F3C8-D287-4A15-A69B-208B85C038F4}.Debug|x64.Build.0 = Debug|x64
		{0F78F3C8-D287-4A15-A69B-208B85C038F4}.Debug|x86.ActiveCfg = Debug|Win32
		{0F78F3C8-D287-4A15-A69B-208B85C038F4}.Debug|x86.Build.0 = Debug|Win32
		{0F78F3C8-D287-4A15-A69B-208B85C038F4}.Release|x64.ActiveCfg = Release|x64
		{0F78F3C8-D287-4A15-A69B-208B85C038F4}.Release|x64.Build.0 = Release|x64
		{0F78F3C8-D287-4A15-A69B-208B85C038F4}.Release|x86.ActiveCfg = Release|Win32
		{0F78F3C8-D287-4A15-A69B-208B85C038F4}.Release|x86.Build.0 = Release|Win32
		{2BB84169-B633-4C99-A266-B72CB6B90992}.Debug|x64.ActiveCfg = Debug|x64
		{2BB84169-B633-4C99-A266-B72CB6B90992}.Debug|x64.Build.0 = Debug|x64
		{2BB84169-B633-4C99-A266-B72CB6B90992}.Debug|x86.ActiveCfg = Debug|Win32
		{2BB84169-B633-4C99-A266-B72CB6B90992}.Debug|x86.Build.0 = Debug|Win32
		{2BB84169-B633-4C99-A266-B72CB6B90992}.Release|x64.ActiveCfg = Release|x64
		{2BB84169-B633-4C99-A266-B72CB6B90992}.Release|x64.Build.0 = Release|x64
		{2BB84169-B633-4C99-A266-B72CB6B90992}.Release|x86.ActiveCfg = Release|Win32
		{2BB84169-B633-4C99-A266-B72CB6B90992}.Release|x86.Build.0 = Release|Win32
		{8DB6B4EB-2027-4AA2-90C4-1C5937167746}.Debug|x64.ActiveCfg = Debug|x64
		{8DB6B4EB-2027-4AA2-90C4-1C5937167746}.Debug|x64.Build.0 = Debug|x64
		{8DB6B4EB-2027-4AA2-90C4-1C5937167746}.Debug|x86.ActiveCfg = Debug|Win32
		{8DB6B4EB-2027-4AA2-90C4-1C5937167746}.Debug|x86.Build.0 = Debug|Win32
		{8DB6B4EB-2027-4AA2-90C4-1C5937167746}.Release|x64.ActiveCfg = Release|x64
		{8DB6B4EB-2027-4AA2-90C4-1C5937167746}.Release|x64.Build.0 = Release|x64
		{8DB6B4EB-2027-4AA2-90C4-1C5937167746}.Release|x86.ActiveCfg = Release|Win32
		{8DB6B4EB-2027-4AA2-90C4-1C5937167746}.Release|x86.Build.0 = Release|Win32
		{1BAFD2AD-9548-4FA9-B268-6AFE5087845D}.Debug|x64.ActiveCfg = Debug|x64
		{1BAFD2AD-9548-4FA9-B268-6AFE5087845D}.Debug|x64.Build.0 = Debug|x64
		{1BAFD2AD-9548-4FA9-B268-6AFE5087845D}.Debug|x86.ActiveCfg = Debug|Win32
		{1BAFD2AD-9548-4FA9-B268-6AFE5087845D}.Debug|x86.Build.0 = Debug|Win32
		{1BAFD2AD-9548-4FA9-B268-6AFE5087845D}.Release|x64.ActiveCfg = Release|x64
		{1BAFD2AD-9548-4FA9-B268-6AFE5087845D}.Release|x64.Build.0 = Release|x64
		{1BAFD2AD-9548-4FA9-B268-6AFE5087845D}.Release|x86.ActiveCfg = Release|Win32
		{1BAFD2AD-9548-4FA9-B268-6AFE5087845D}.Release|x86.Build.0 = Release|Win32
		{DE71D516-D811-49F6-8C15-D99975C40801}.Debug|x64.ActiveCfg = Debug|x64
		{DE71D516-D811-49F6-8C15-D99975C40801}.Debug|x64.Build.0 = Debug|x64
		{DE71D516-D811-49F6-8C15-D99975C40801}.Debug|x86.ActiveCfg = Debug|Win32
		{DE71D516-D811-49F6-8C15-D99975C40801}.Debug|x86.Build.0 = Debug|Win32
		{DE71D516-D811-49F6-8C15-D99975C40801}.Release|x64.ActiveCfg = Release|x64
		{DE71D516-D811-49F6-8C15-D99975C40801}.Release|x64.Build.0 = Release|x64
		{DE71D516-D811-49F6-8C15-D99975C40801}.Release|x86.ActiveCfg = Release|Win32
		{DE71D516-D811-49F6-8C15-D99975C40801}.Release|x86.Build.0 = Release|Win32
	EndGlobalSection
	GlobalSection(SolutionProperties) = preSolution
		HideSolutionNode = FALSE
	EndGlobalSection
	GlobalSection(NestedProjects) = preSolution
		{973A60FF-EA6C-4D62-A302-BF610CABAB8C} = {80F9F549-0D94-45EB-94C8-421D5239629C}
		{2D93C9E6-A8BD-40E6-8FFE-CD15319B0241} = {80F9F549-0D94-45EB-94C8-421D5239629C}
		{B86A5B24-69EF-42AD-86D9-E3AC4405A9CE} = {80F9F549-0D94-45EB-94C8-421D5239629C}
		{1685D511-3934-4F31-B8A3-AFA740F612B3} = {80F9F549-0D94-45EB-94C8-421D5239629C}
		{0F78F3C8-D287-4A15-A69B-208B85C038F4} = {80F9F549-0D94-45EB-94C8-421D5239629C}
		{2BB84169-B633-4C99-A266-B72CB6B90992} = {54B26016-3809-4D74-88E4-F2E591DA18C6}
		{8DB6B4EB-2027-4AA2-90C4-1C5937167746} = {54B26016-3809-4D74-88E4-F2E591DA18C6}
		{1BAFD2AD-9548-4FA9-B268-6AFE5087845D} = {54B26016-3809-4D74-88E4-F2E591DA18C6}
		{DE71D516-D811-49F6-8C15-D99975C40801} = {54B26016-3809-4D74-88E4-F2E591DA18C6}
	EndGlobalSection
	GlobalSection(ExtensibilityGlobals) = postSolution
		SolutionGuid = {95F2DEDD-999E-46E6-A2EC-243437F4EF38}
	EndGlobalSection
EndGlobal
