<?xml version="1.0" encoding="utf-8"?>
<Project ToolsVersion="4.0" xmlns="http://schemas.microsoft.com/developer/msbuild/2003">
  <ItemGroup>
    <Filter Include="binkplay-fetch">
      <UniqueIdentifier>{a9d1aab9-7c66-486c-b99c-9c10fbe092d8}</UniqueIdentifier>
    </Filter>
  </ItemGroup>
  <ItemGroup>
    <ClCompile Include="..\..\binkplay-fetch\binkplay-fetch.c">
      <Filter>binkplay-fetch</Filter>
    </ClCompile>
  </ItemGroup>
</Project>